
Microsoft Visual Studio Solution File, Format Version 12.00
Project("{FAE04EC0-301F-11D3-BF4B-00C04F79EFBC}") = "theStacks.Yarp.SimpleApiGateway", "theStacks.Yarp.SimpleApiGateway\theStacks.Yarp.SimpleApiGateway.csproj", "{38837679-FDAB-44C9-8038-9E47EF19F59A}"
EndProject
Global
	GlobalSection(SolutionConfigurationPlatforms) = preSolution
		Debug|Any CPU = Debug|Any CPU
		Release|Any CPU = Release|Any CPU
	EndGlobalSection
	GlobalSection(ProjectConfigurationPlatforms) = postSolution
		{38837679-FDAB-44C9-8038-9E47EF19F59A}.Debug|Any CPU.ActiveCfg = Debug|Any CPU
		{38837679-FDAB-44C9-8038-9E47EF19F59A}.Debug|Any CPU.Build.0 = Debug|Any CPU
		{38837679-FDAB-44C9-8038-9E47EF19F59A}.Release|Any CPU.ActiveCfg = Release|Any CPU
		{38837679-FDAB-44C9-8038-9E47EF19F59A}.Release|Any CPU.Build.0 = Release|Any CPU
	EndGlobalSection
EndGlobal
